{
  "requires": true,
  "lockfileVersion": 1,
  "dependencies": {
    "@fortawesome/fontawesome-free": {
      "version": "5.15.1",
      "resolved": "https://registry.npmjs.org/@fortawesome/fontawesome-free/-/fontawesome-free-5.15.1.tgz",
      "integrity": "sha512-OEdH7SyC1suTdhBGW91/zBfR6qaIhThbcN8PUXtXilY4GYnSBbVqOntdHbC1vXwsDnX0Qix2m2+DSU1J51ybOQ=="
    },
    "@fullcalendar/bootstrap": {
      "version": "5.5.0",
      "resolved": "https://registry.npmjs.org/@fullcalendar/bootstrap/-/bootstrap-5.5.0.tgz",
      "integrity": "sha512-jFU4IW4NsIi9VHtJ+LHTpTOoy7qgWPDGiZjXyp5gBwilYR+MJpEH7vJeIztaYEIpcGt2WDihlCOev9GSjz6hiQ==",
      "requires": {
        "@fullcalendar/common": "5.5.1",
        "tslib": "2.1.0"
      }
    },
    "@fullcalendar/common": {
      "version": "5.5.1",
      "resolved": "https://registry.npmjs.org/@fullcalendar/common/-/common-5.5.1.tgz",
      "integrity": "sha512-tfVlX4aBHxCDJAVkUm93FXScOhmdz6/vUy/ISfpNeRNYuUvhJbmjoH67DpGNdS3we2n6/dVte021TE4Bbo4uRA==",
      "requires": {
        "ical.js": "1.4.0",
        "tslib": "2.1.0"
      }
    },
    "@fullcalendar/core": {
      "version": "5.5.1",
      "resolved": "https://registry.npmjs.org/@fullcalendar/core/-/core-5.5.1.tgz",
      "integrity": "sha512-6OAtYhgWekZExakbB3NUiIPZHsebBQQfwdWpccYYEKb5DZi3mf4gUb8CCrvfBp6YXx0hhYNlglPLcfJgxpy5Bg==",
      "requires": {
        "@fullcalendar/common": "5.5.1",
        "preact": "10.5.12",
        "tslib": "2.1.0"
      }
    },
    "@fullcalendar/daygrid": {
      "version": "5.5.0",
      "resolved": "https://registry.npmjs.org/@fullcalendar/daygrid/-/daygrid-5.5.0.tgz",
      "integrity": "sha512-O/59C3ihElLsPnkjlD1xUgAf3v7WEARXVO+wZfASKtK14Ccux2MA9mWUA1+80m9q8on7SYL36ORhrea7GKy/qQ==",
      "requires": {
        "@fullcalendar/common": "5.5.1",
        "tslib": "2.1.0"
      }
    },
    "@fullcalendar/google-calendar": {
      "version": "5.5.0",
      "resolved": "https://registry.npmjs.org/@fullcalendar/google-calendar/-/google-calendar-5.5.0.tgz",
      "integrity": "sha512-P1pchHjl0NUaOxAMsx3nNd0EebF6yWvh6fa5UtDJU0KQZaGv3lL3nl2jW8UIYUyLP5z6ap9OQJhjsoJkdXyY/g==",
      "requires": {
        "@fullcalendar/common": "5.5.1",
        "tslib": "2.1.0"
      }
    },
    "@fullcalendar/interaction": {
      "version": "5.5.0",
      "resolved": "https://registry.npmjs.org/@fullcalendar/interaction/-/interaction-5.5.0.tgz",
      "integrity": "sha512-LKc4VeESBkBkrI/sAtV++f4qUleYyt7STBrnuc5Mpojv7jg5x5XZ1rfOarLwRbEYSvbo6CwccDrsaLTbC1Qk2A==",
      "requires": {
        "@fullcalendar/common": "5.5.1",
        "tslib": "2.1.0"
      }
    },
    "@fullcalendar/list": {
      "version": "5.5.0",
      "resolved": "https://registry.npmjs.org/@fullcalendar/list/-/list-5.5.0.tgz",
      "integrity": "sha512-hC+EKrXtnj71rq4gq8vIhb12dlOxu07BuOTzU1kxgB3BdhuO1RiAPm1TCKdYpQjtUTCRT23Ocvs+m/Ei/xh90Q==",
      "requires": {
        "@fullcalendar/common": "5.5.1",
        "tslib": "2.1.0"
      }
    },
    "@fullcalendar/timegrid": {
      "version": "5.5.1",
      "resolved": "https://registry.npmjs.org/@fullcalendar/timegrid/-/timegrid-5.5.1.tgz",
      "integrity": "sha512-bo9DbPcx9PMXtAFP8tsFaQ1FGxUM/FoaQKah/eFVT8ueI5WQqSfWupM5yyGbHOmKgD65l8WhPcuamm6v01Pasw==",
      "requires": {
        "@fullcalendar/common": "5.5.1",
        "@fullcalendar/daygrid": "5.5.0",
        "tslib": "2.1.0"
      }
    },
    "fullcalendar": {
      "version": "5.5.1",
      "resolved": "https://registry.npmjs.org/fullcalendar/-/fullcalendar-5.5.1.tgz",
      "integrity": "sha512-QNo4RPm7uvboCkqFEANH0dvYidwlsDzQ4ErMHZjNwLnFOqm+StkIW1K5w82fEyOvznItwyAigrdkSCh2ZUd0JQ=="
    },
    "ical.js": {
      "version": "1.4.0",
      "resolved": "https://registry.npmjs.org/ical.js/-/ical.js-1.4.0.tgz",
      "integrity": "sha512-ltHZuOFNNjcyEYbzDgjemS7LWIFh2vydJeznxQHUh3dnarbxqOYsWONYteBVAq1MEOHnwXFGN2eskZReHclnrA=="
    },
    "preact": {
      "version": "10.5.12",
      "resolved": "https://registry.npmjs.org/preact/-/preact-10.5.12.tgz",
      "integrity": "sha512-r6siDkuD36oszwlCkcqDJCAKBQxGoeEGytw2DGMD5A/GGdu5Tymw+N2OBXwvOLxg6d1FeY8MgMV3cc5aVQo4Cg=="
    },
    "tslib": {
      "version": "2.1.0",
      "resolved": "https://registry.npmjs.org/tslib/-/tslib-2.1.0.tgz",
      "integrity": "sha512-hcVC3wYEziELGGmEEXue7D75zbwIIVUMWAVbHItGPx0ziyXxrOMQx4rQEVEV45Ut/1IotuEvwqPopzIOkDMf0A=="
    }
  }
}
